{
  "requires": true,
  "lockfileVersion": 1,
  "dependencies": {
    "bezier-easing": {
      "version": "2.1.0",
      "resolved": "https://registry.npmjs.org/bezier-easing/-/bezier-easing-2.1.0.tgz",
      "integrity": "sha1-wE3+i5JtbsrKGBPWn/F5t8ICXYY="
    },
    "vue-scrollto": {
      "version": "2.16.3",
      "resolved": "https://registry.npmjs.org/vue-scrollto/-/vue-scrollto-2.16.3.tgz",
      "integrity": "sha512-Rd9tJvXFIrOnueXVnPhV+xLTxnfqxlS27VvM0Qts+4tKo7+zfeaSjiK0OI9cvgGS/W6ZFA3sSNAd/HN7shkSPg==",
      "requires": {
        "bezier-easing": "2.1.0"
      }
    }
  }
}
